
Microsoft Visual Studio Solution File, Format Version 12.00
# Visual Studio 15
VisualStudioVersion = 15.0.28307.852
MinimumVisualStudioVersion = 10.0.40219.1
Project("{FAE04EC0-301F-11D3-BF4B-00C04F79EFBC}") = "Bomb_Defuse.Android", "Bomb_Defuse\Bomb_Defuse.Android\Bomb_Defuse.Android.csproj", "{093F2164-4205-4D5F-8DE9-3BDA5C6438E1}"
EndProject
Project("{FAE04EC0-301F-11D3-BF4B-00C04F79EFBC}") = "Bomb_Defuse.iOS", "Bomb_Defuse\Bomb_Defuse.iOS\Bomb_Defuse.iOS.csproj", "{032C5C11-EA04-4685-AEC9-F855AC2BFC4C}"
EndProject
Project("{FAE04EC0-301F-11D3-BF4B-00C04F79EFBC}") = "Bomb_Defuse.UWP", "Bomb_Defuse\Bomb_Defuse.UWP\Bomb_Defuse.UWP.csproj", "{57A8F0CE-46A8-4BFF-9013-3790B67FB657}"
EndProject
Project("{FAE04EC0-301F-11D3-BF4B-00C04F79EFBC}") = "Bomb_Defuse", "Bomb_Defuse\Bomb_Defuse\Bomb_Defuse.csproj", "{47D1ED3B-85C4-448E-B51B-C8FAEEB57785}"
EndProject
Global
	GlobalSection(SolutionConfigurationPlatforms) = preSolution
		Ad-Hoc|Any CPU = Ad-Hoc|Any CPU
		Ad-Hoc|ARM = Ad-Hoc|ARM
		Ad-Hoc|iPhone = Ad-Hoc|iPhone
		Ad-Hoc|iPhoneSimulator = Ad-Hoc|iPhoneSimulator
		Ad-Hoc|x64 = Ad-Hoc|x64
		Ad-Hoc|x86 = Ad-Hoc|x86
		AppStore|Any CPU = AppStore|Any CPU
		AppStore|ARM = AppStore|ARM
		AppStore|iPhone = AppStore|iPhone
		AppStore|iPhoneSimulator = AppStore|iPhoneSimulator
		AppStore|x64 = AppStore|x64
		AppStore|x86 = AppStore|x86
		Debug|Any CPU = Debug|Any CPU
		Debug|ARM = Debug|ARM
		Debug|iPhone = Debug|iPhone
		Debug|iPhoneSimulator = Debug|iPhoneSimulator
		Debug|x64 = Debug|x64
		Debug|x86 = Debug|x86
		Release|Any CPU = Release|Any CPU
		Release|ARM = Release|ARM
		Release|iPhone = Release|iPhone
		Release|iPhoneSimulator = Release|iPhoneSimulator
		Release|x64 = Release|x64
		Release|x86 = Release|x86
	EndGlobalSection
	GlobalSection(ProjectConfigurationPlatforms) = postSolution
		{093F2164-4205-4D5F-8DE9-3BDA5C6438E1}.Ad-Hoc|Any CPU.ActiveCfg = Release|Any CPU
		{093F2164-4205-4D5F-8DE9-3BDA5C6438E1}.Ad-Hoc|Any CPU.Build.0 = Release|Any CPU
		{093F2164-4205-4D5F-8DE9-3BDA5C6438E1}.Ad-Hoc|Any CPU.Deploy.0 = Release|Any CPU
		{093F2164-4205-4D5F-8DE9-3BDA5C6438E1}.Ad-Hoc|ARM.ActiveCfg = Release|Any CPU
		{093F2164-4205-4D5F-8DE9-3BDA5C6438E1}.Ad-Hoc|ARM.Build.0 = Release|Any CPU
		{093F2164-4205-4D5F-8DE9-3BDA5C6438E1}.Ad-Hoc|ARM.Deploy.0 = Release|Any CPU
		{093F2164-4205-4D5F-8DE9-3BDA5C6438E1}.Ad-Hoc|iPhone.ActiveCfg = Release|Any CPU
		{093F2164-4205-4D5F-8DE9-3BDA5C6438E1}.Ad-Hoc|iPhone.Build.0 = Release|Any CPU
		{093F2164-4205-4D5F-8DE9-3BDA5C6438E1}.Ad-Hoc|iPhone.Deploy.0 = Release|Any CPU
		{093F2164-4205-4D5F-8DE9-3BDA5C6438E1}.Ad-Hoc|iPhoneSimulator.ActiveCfg = Release|Any CPU
		{093F2164-4205-4D5F-8DE9-3BDA5C6438E1}.Ad-Hoc|iPhoneSimulator.Build.0 = Release|Any CPU
		{093F2164-4205-4D5F-8DE9-3BDA5C6438E1}.Ad-Hoc|iPhoneSimulator.Deploy.0 = Release|Any CPU
		{093F2164-4205-4D5F-8DE9-3BDA5C6438E1}.Ad-Hoc|x64.ActiveCfg = Release|Any CPU
		{093F2164-4205-4D5F-8DE9-3BDA5C6438E1}.Ad-Hoc|x64.Build.0 = Release|Any CPU
		{093F2164-4205-4D5F-8DE9-3BDA5C6438E1}.Ad-Hoc|x64.Deploy.0 = Release|Any CPU
		{093F2164-4205-4D5F-8DE9-3BDA5C6438E1}.Ad-Hoc|x86.ActiveCfg = Release|Any CPU
		{093F2164-4205-4D5F-8DE9-3BDA5C6438E1}.Ad-Hoc|x86.Build.0 = Release|Any CPU
		{093F2164-4205-4D5F-8DE9-3BDA5C6438E1}.Ad-Hoc|x86.Deploy.0 = Release|Any CPU
		{093F2164-4205-4D5F-8DE9-3BDA5C6438E1}.AppStore|Any CPU.ActiveCfg = Release|Any CPU
		{093F2164-4205-4D5F-8DE9-3BDA5C6438E1}.AppStore|Any CPU.Build.0 = Release|Any CPU
		{093F2164-4205-4D5F-8DE9-3BDA5C6438E1}.AppStore|Any CPU.Deploy.0 = Release|Any CPU
		{093F2164-4205-4D5F-8DE9-3BDA5C6438E1}.AppStore|ARM.ActiveCfg = Release|Any CPU
		{093F2164-4205-4D5F-8DE9-3BDA5C6438E1}.AppStore|ARM.Build.0 = Release|Any CPU
		{093F2164-4205-4D5F-8DE9-3BDA5C6438E1}.AppStore|ARM.Deploy.0 = Release|Any CPU
		{093F2164-4205-4D5F-8DE9-3BDA5C6438E1}.AppStore|iPhone.ActiveCfg = Release|Any CPU
		{093F2164-4205-4D5F-8DE9-3BDA5C6438E1}.AppStore|iPhone.Build.0 = Release|Any CPU
		{093F2164-4205-4D5F-8DE9-3BDA5C6438E1}.AppStore|iPhone.Deploy.0 = Release|Any CPU
		{093F2164-4205-4D5F-8DE9-3BDA5C6438E1}.AppStore|iPhoneSimulator.ActiveCfg = Release|Any CPU
		{093F2164-4205-4D5F-8DE9-3BDA5C6438E1}.AppStore|iPhoneSimulator.Build.0 = Release|Any CPU
		{093F2164-4205-4D5F-8DE9-3BDA5C6438E1}.AppStore|iPhoneSimulator.Deploy.0 = Release|Any CPU
		{093F2164-4205-4D5F-8DE9-3BDA5C6438E1}.AppStore|x64.ActiveCfg = Release|Any CPU
		{093F2164-4205-4D5F-8DE9-3BDA5C6438E1}.AppStore|x64.Build.0 = Release|Any CPU
		{093F2164-4205-4D5F-8DE9-3BDA5C6438E1}.AppStore|x64.Deploy.0 = Release|Any CPU
		{093F2164-4205-4D5F-8DE9-3BDA5C6438E1}.AppStore|x86.ActiveCfg = Release|Any CPU
		{093F2164-4205-4D5F-8DE9-3BDA5C6438E1}.AppStore|x86.Build.0 = Release|Any CPU
		{093F2164-4205-4D5F-8DE9-3BDA5C6438E1}.AppStore|x86.Deploy.0 = Release|Any CPU
		{093F2164-4205-4D5F-8DE9-3BDA5C6438E1}.Debug|Any CPU.ActiveCfg = Debug|Any CPU
		{093F2164-4205-4D5F-8DE9-3BDA5C6438E1}.Debug|Any CPU.Build.0 = Debug|Any CPU
		{093F2164-4205-4D5F-8DE9-3BDA5C6438E1}.Debug|Any CPU.Deploy.0 = Debug|Any CPU
		{093F2164-4205-4D5F-8DE9-3BDA5C6438E1}.Debug|ARM.ActiveCfg = Debug|Any CPU
		{093F2164-4205-4D5F-8DE9-3BDA5C6438E1}.Debug|ARM.Build.0 = Debug|Any CPU
		{093F2164-4205-4D5F-8DE9-3BDA5C6438E1}.Debug|ARM.Deploy.0 = Debug|Any CPU
		{093F2164-4205-4D5F-8DE9-3BDA5C6438E1}.Debug|iPhone.ActiveCfg = Debug|Any CPU
		{093F2164-4205-4D5F-8DE9-3BDA5C6438E1}.Debug|iPhone.Build.0 = Debug|Any CPU
		{093F2164-4205-4D5F-8DE9-3BDA5C6438E1}.Debug|iPhone.Deploy.0 = Debug|Any CPU
		{093F2164-4205-4D5F-8DE9-3BDA5C6438E1}.Debug|iPhoneSimulator.ActiveCfg = Debug|Any CPU
		{093F2164-4205-4D5F-8DE9-3BDA5C6438E1}.Debug|iPhoneSimulator.Build.0 = Debug|Any CPU
		{093F2164-4205-4D5F-8DE9-3BDA5C6438E1}.Debug|iPhoneSimulator.Deploy.0 = Debug|Any CPU
		{093F2164-4205-4D5F-8DE9-3BDA5C6438E1}.Debug|x64.ActiveCfg = Debug|Any CPU
		{093F2164-4205-4D5F-8DE9-3BDA5C6438E1}.Debug|x64.Build.0 = Debug|Any CPU
		{093F2164-4205-4D5F-8DE9-3BDA5C6438E1}.Debug|x64.Deploy.0 = Debug|Any CPU
		{093F2164-4205-4D5F-8DE9-3BDA5C6438E1}.Debug|x86.ActiveCfg = Debug|Any CPU
		{093F2164-4205-4D5F-8DE9-3BDA5C6438E1}.Debug|x86.Build.0 = Debug|Any CPU
		{093F2164-4205-4D5F-8DE9-3BDA5C6438E1}.Debug|x86.Deploy.0 = Debug|Any CPU
		{093F2164-4205-4D5F-8DE9-3BDA5C6438E1}.Release|Any CPU.ActiveCfg = Release|Any CPU
		{093F2164-4205-4D5F-8DE9-3BDA5C6438E1}.Release|Any CPU.Build.0 = Release|Any CPU
		{093F2164-4205-4D5F-8DE9-3BDA5C6438E1}.Release|Any CPU.Deploy.0 = Release|Any CPU
		{093F2164-4205-4D5F-8DE9-3BDA5C6438E1}.Release|ARM.ActiveCfg = Release|Any CPU
		{093F2164-4205-4D5F-8DE9-3BDA5C6438E1}.Release|ARM.Build.0 = Release|Any CPU
		{093F2164-4205-4D5F-8DE9-3BDA5C6438E1}.Release|ARM.Deploy.0 = Release|Any CPU
		{093F2164-4205-4D5F-8DE9-3BDA5C6438E1}.Release|iPhone.ActiveCfg = Release|Any CPU
		{093F2164-4205-4D5F-8DE9-3BDA5C6438E1}.Release|iPhone.Build.0 = Release|Any CPU
		{093F2164-4205-4D5F-8DE9-3BDA5C6438E1}.Release|iPhone.Deploy.0 = Release|Any CPU
		{093F2164-4205-4D5F-8DE9-3BDA5C6438E1}.Release|iPhoneSimulator.ActiveCfg = Release|Any CPU
		{093F2164-4205-4D5F-8DE9-3BDA5C6438E1}.Release|iPhoneSimulator.Build.0 = Release|Any CPU
		{093F2164-4205-4D5F-8DE9-3BDA5C6438E1}.Release|iPhoneSimulator.Deploy.0 = Release|Any CPU
		{093F2164-4205-4D5F-8DE9-3BDA5C6438E1}.Release|x64.ActiveCfg = Release|Any CPU
		{093F2164-4205-4D5F-8DE9-3BDA5C6438E1}.Release|x64.Build.0 = Release|Any CPU
		{093F2164-4205-4D5F-8DE9-3BDA5C6438E1}.Release|x64.Deploy.0 = Release|Any CPU
		{093F2164-4205-4D5F-8DE9-3BDA5C6438E1}.Release|x86.ActiveCfg = Release|Any CPU
		{093F2164-4205-4D5F-8DE9-3BDA5C6438E1}.Release|x86.Build.0 = Release|Any CPU
		{093F2164-4205-4D5F-8DE9-3BDA5C6438E1}.Release|x86.Deploy.0 = Release|Any CPU
		{032C5C11-EA04-4685-AEC9-F855AC2BFC4C}.Ad-Hoc|Any CPU.ActiveCfg = Ad-Hoc|iPhone
		{032C5C11-EA04-4685-AEC9-F855AC2BFC4C}.Ad-Hoc|Any CPU.Build.0 = Ad-Hoc|iPhone
		{032C5C11-EA04-4685-AEC9-F855AC2BFC4C}.Ad-Hoc|Any CPU.Deploy.0 = Ad-Hoc|iPhone
		{032C5C11-EA04-4685-AEC9-F855AC2BFC4C}.Ad-Hoc|ARM.ActiveCfg = Ad-Hoc|iPhone
		{032C5C11-EA04-4685-AEC9-F855AC2BFC4C}.Ad-Hoc|ARM.Build.0 = Ad-Hoc|iPhone
		{032C5C11-EA04-4685-AEC9-F855AC2BFC4C}.Ad-Hoc|ARM.Deploy.0 = Ad-Hoc|iPhone
		{032C5C11-EA04-4685-AEC9-F855AC2BFC4C}.Ad-Hoc|iPhone.ActiveCfg = Ad-Hoc|iPhone
		{032C5C11-EA04-4685-AEC9-F855AC2BFC4C}.Ad-Hoc|iPhone.Build.0 = Ad-Hoc|iPhone
		{032C5C11-EA04-4685-AEC9-F855AC2BFC4C}.Ad-Hoc|iPhone.Deploy.0 = Ad-Hoc|iPhone
		{032C5C11-EA04-4685-AEC9-F855AC2BFC4C}.Ad-Hoc|iPhoneSimulator.ActiveCfg = Ad-Hoc|iPhoneSimulator
		{032C5C11-EA04-4685-AEC9-F855AC2BFC4C}.Ad-Hoc|iPhoneSimulator.Build.0 = Ad-Hoc|iPhoneSimulator
		{032C5C11-EA04-4685-AEC9-F855AC2BFC4C}.Ad-Hoc|iPhoneSimulator.Deploy.0 = Ad-Hoc|iPhoneSimulator
		{032C5C11-EA04-4685-AEC9-F855AC2BFC4C}.Ad-Hoc|x64.ActiveCfg = Ad-Hoc|iPhone
		{032C5C11-EA04-4685-AEC9-F855AC2BFC4C}.Ad-Hoc|x64.Build.0 = Ad-Hoc|iPhone
		{032C5C11-EA04-4685-AEC9-F855AC2BFC4C}.Ad-Hoc|x64.Deploy.0 = Ad-Hoc|iPhone
		{032C5C11-EA04-4685-AEC9-F855AC2BFC4C}.Ad-Hoc|x86.ActiveCfg = Ad-Hoc|iPhone
		{032C5C11-EA04-4685-AEC9-F855AC2BFC4C}.Ad-Hoc|x86.Build.0 = Ad-Hoc|iPhone
		{032C5C11-EA04-4685-AEC9-F855AC2BFC4C}.Ad-Hoc|x86.Deploy.0 = Ad-Hoc|iPhone
		{032C5C11-EA04-4685-AEC9-F855AC2BFC4C}.AppStore|Any CPU.ActiveCfg = AppStore|iPhone
		{032C5C11-EA04-4685-AEC9-F855AC2BFC4C}.AppStore|Any CPU.Build.0 = AppStore|iPhone
		{032C5C11-EA04-4685-AEC9-F855AC2BFC4C}.AppStore|Any CPU.Deploy.0 = AppStore|iPhone
		{032C5C11-EA04-4685-AEC9-F855AC2BFC4C}.AppStore|ARM.ActiveCfg = AppStore|iPhone
		{032C5C11-EA04-4685-AEC9-F855AC2BFC4C}.AppStore|ARM.Build.0 = AppStore|iPhone
		{032C5C11-EA04-4685-AEC9-F855AC2BFC4C}.AppStore|ARM.Deploy.0 = AppStore|iPhone
		{032C5C11-EA04-4685-AEC9-F855AC2BFC4C}.AppStore|iPhone.ActiveCfg = AppStore|iPhone
		{032C5C11-EA04-4685-AEC9-F855AC2BFC4C}.AppStore|iPhone.Build.0 = AppStore|iPhone
		{032C5C11-EA04-4685-AEC9-F855AC2BFC4C}.AppStore|iPhone.Deploy.0 = AppStore|iPhone
		{032C5C11-EA04-4685-AEC9-F855AC2BFC4C}.AppStore|iPhoneSimulator.ActiveCfg = AppStore|iPhoneSimulator
		{032C5C11-EA04-4685-AEC9-F855AC2BFC4C}.AppStore|iPhoneSimulator.Build.0 = AppStore|iPhoneSimulator
		{032C5C11-EA04-4685-AEC9-F855AC2BFC4C}.AppStore|iPhoneSimulator.Deploy.0 = AppStore|iPhoneSimulator
		{032C5C11-EA04-4685-AEC9-F855AC2BFC4C}.AppStore|x64.ActiveCfg = AppStore|iPhone
		{032C5C11-EA04-4685-AEC9-F855AC2BFC4C}.AppStore|x64.Build.0 = AppStore|iPhone
		{032C5C11-EA04-4685-AEC9-F855AC2BFC4C}.AppStore|x64.Deploy.0 = AppStore|iPhone
		{032C5C11-EA04-4685-AEC9-F855AC2BFC4C}.AppStore|x86.ActiveCfg = AppStore|iPhone
		{032C5C11-EA04-4685-AEC9-F855AC2BFC4C}.AppStore|x86.Build.0 = AppStore|iPhone
		{032C5C11-EA04-4685-AEC9-F855AC2BFC4C}.AppStore|x86.Deploy.0 = AppStore|iPhone
		{032C5C11-EA04-4685-AEC9-F855AC2BFC4C}.Debug|Any CPU.ActiveCfg = Debug|iPhoneSimulator
		{032C5C11-EA04-4685-AEC9-F855AC2BFC4C}.Debug|Any CPU.Build.0 = Debug|iPhoneSimulator
		{032C5C11-EA04-4685-AEC9-F855AC2BFC4C}.Debug|Any CPU.Deploy.0 = Debug|iPhoneSimulator
		{032C5C11-EA04-4685-AEC9-F855AC2BFC4C}.Debug|ARM.ActiveCfg = Debug|iPhone
		{032C5C11-EA04-4685-AEC9-F855AC2BFC4C}.Debug|ARM.Build.0 = Debug|iPhone
		{032C5C11-EA04-4685-AEC9-F855AC2BFC4C}.Debug|ARM.Deploy.0 = Debug|iPhone
		{032C5C11-EA04-4685-AEC9-F855AC2BFC4C}.Debug|iPhone.ActiveCfg = Debug|iPhone
		{032C5C11-EA04-4685-AEC9-F855AC2BFC4C}.Debug|iPhone.Build.0 = Debug|iPhone
		{032C5C11-EA04-4685-AEC9-F855AC2BFC4C}.Debug|iPhone.Deploy.0 = Debug|iPhone
		{032C5C11-EA04-4685-AEC9-F855AC2BFC4C}.Debug|iPhoneSimulator.ActiveCfg = Debug|iPhoneSimulator
		{032C5C11-EA04-4685-AEC9-F855AC2BFC4C}.Debug|iPhoneSimulator.Build.0 = Debug|iPhoneSimulator
		{032C5C11-EA04-4685-AEC9-F855AC2BFC4C}.Debug|iPhoneSimulator.Deploy.0 = Debug|iPhoneSimulator
		{032C5C11-EA04-4685-AEC9-F855AC2BFC4C}.Debug|x64.ActiveCfg = Debug|iPhone
		{032C5C11-EA04-4685-AEC9-F855AC2BFC4C}.Debug|x64.Build.0 = Debug|iPhone
		{032C5C11-EA04-4685-AEC9-F855AC2BFC4C}.Debug|x64.Deploy.0 = Debug|iPhone
		{032C5C11-EA04-4685-AEC9-F855AC2BFC4C}.Debug|x86.ActiveCfg = Debug|iPhone
		{032C5C11-EA04-4685-AEC9-F855AC2BFC4C}.Debug|x86.Build.0 = Debug|iPhone
		{032C5C11-EA04-4685-AEC9-F855AC2BFC4C}.Debug|x86.Deploy.0 = Debug|iPhone
		{032C5C11-EA04-4685-AEC9-F855AC2BFC4C}.Release|Any CPU.ActiveCfg = Release|iPhone
		{032C5C11-EA04-4685-AEC9-F855AC2BFC4C}.Release|Any CPU.Build.0 = Release|iPhone
		{032C5C11-EA04-4685-AEC9-F855AC2BFC4C}.Release|Any CPU.Deploy.0 = Release|iPhone
		{032C5C11-EA04-4685-AEC9-F855AC2BFC4C}.Release|ARM.ActiveCfg = Release|iPhone
		{032C5C11-EA04-4685-AEC9-F855AC2BFC4C}.Release|ARM.Build.0 = Release|iPhone
		{032C5C11-EA04-4685-AEC9-F855AC2BFC4C}.Release|ARM.Deploy.0 = Release|iPhone
		{032C5C11-EA04-4685-AEC9-F855AC2BFC4C}.Release|iPhone.ActiveCfg = Release|iPhone
		{032C5C11-EA04-4685-AEC9-F855AC2BFC4C}.Release|iPhone.Build.0 = Release|iPhone
		{032C5C11-EA04-4685-AEC9-F855AC2BFC4C}.Release|iPhone.Deploy.0 = Release|iPhone
		{032C5C11-EA04-4685-AEC9-F855AC2BFC4C}.Release|iPhoneSimulator.ActiveCfg = Release|iPhoneSimulator
		{032C5C11-EA04-4685-AEC9-F855AC2BFC4C}.Release|iPhoneSimulator.Build.0 = Release|iPhoneSimulator
		{032C5C11-EA04-4685-AEC9-F855AC2BFC4C}.Release|iPhoneSimulator.Deploy.0 = Release|iPhoneSimulator
		{032C5C11-EA04-4685-AEC9-F855AC2BFC4C}.Release|x64.ActiveCfg = Release|iPhone
		{032C5C11-EA04-4685-AEC9-F855AC2BFC4C}.Release|x64.Build.0 = Release|iPhone
		{032C5C11-EA04-4685-AEC9-F855AC2BFC4C}.Release|x64.Deploy.0 = Release|iPhone
		{032C5C11-EA04-4685-AEC9-F855AC2BFC4C}.Release|x86.ActiveCfg = Release|iPhone
		{032C5C11-EA04-4685-AEC9-F855AC2BFC4C}.Release|x86.Build.0 = Release|iPhone
		{032C5C11-EA04-4685-AEC9-F855AC2BFC4C}.Release|x86.Deploy.0 = Release|iPhone
		{57A8F0CE-46A8-4BFF-9013-3790B67FB657}.Ad-Hoc|Any CPU.ActiveCfg = Release|x86
		{57A8F0CE-46A8-4BFF-9013-3790B67FB657}.Ad-Hoc|Any CPU.Build.0 = Release|x86
		{57A8F0CE-46A8-4BFF-9013-3790B67FB657}.Ad-Hoc|Any CPU.Deploy.0 = Release|x86
		{57A8F0CE-46A8-4BFF-9013-3790B67FB657}.Ad-Hoc|ARM.ActiveCfg = Release|ARM
		{57A8F0CE-46A8-4BFF-9013-3790B67FB657}.Ad-Hoc|ARM.Build.0 = Release|ARM
		{57A8F0CE-46A8-4BFF-9013-3790B67FB657}.Ad-Hoc|ARM.Deploy.0 = Release|ARM
		{57A8F0CE-46A8-4BFF-9013-3790B67FB657}.Ad-Hoc|iPhone.ActiveCfg = Release|x86
		{57A8F0CE-46A8-4BFF-9013-3790B67FB657}.Ad-Hoc|iPhone.Build.0 = Release|x86
		{57A8F0CE-46A8-4BFF-9013-3790B67FB657}.Ad-Hoc|iPhone.Deploy.0 = Release|x86
		{57A8F0CE-46A8-4BFF-9013-3790B67FB657}.Ad-Hoc|iPhoneSimulator.ActiveCfg = Release|x86
		{57A8F0CE-46A8-4BFF-9013-3790B67FB657}.Ad-Hoc|iPhoneSimulator.Build.0 = Release|x86
		{57A8F0CE-46A8-4BFF-9013-3790B67FB657}.Ad-Hoc|iPhoneSimulator.Deploy.0 = Release|x86
		{57A8F0CE-46A8-4BFF-9013-3790B67FB657}.Ad-Hoc|x64.ActiveCfg = Release|x64
		{57A8F0CE-46A8-4BFF-9013-3790B67FB657}.Ad-Hoc|x64.Build.0 = Release|x64
		{57A8F0CE-46A8-4BFF-9013-3790B67FB657}.Ad-Hoc|x64.Deploy.0 = Release|x64
		{57A8F0CE-46A8-4BFF-9013-3790B67FB657}.Ad-Hoc|x86.ActiveCfg = Release|x86
		{57A8F0CE-46A8-4BFF-9013-3790B67FB657}.Ad-Hoc|x86.Build.0 = Release|x86
		{57A8F0CE-46A8-4BFF-9013-3790B67FB657}.Ad-Hoc|x86.Deploy.0 = Release|x86
		{57A8F0CE-46A8-4BFF-9013-3790B67FB657}.AppStore|Any CPU.ActiveCfg = Release|x86
		{57A8F0CE-46A8-4BFF-9013-3790B67FB657}.AppStore|Any CPU.Build.0 = Release|x86
		{57A8F0CE-46A8-4BFF-9013-3790B67FB657}.AppStore|Any CPU.Deploy.0 = Release|x86
		{57A8F0CE-46A8-4BFF-9013-3790B67FB657}.AppStore|ARM.ActiveCfg = Release|ARM
		{57A8F0CE-46A8-4BFF-9013-3790B67FB657}.AppStore|ARM.Build.0 = Release|ARM
		{57A8F0CE-46A8-4BFF-9013-3790B67FB657}.AppStore|ARM.Deploy.0 = Release|ARM
		{57A8F0CE-46A8-4BFF-9013-3790B67FB657}.AppStore|iPhone.ActiveCfg = Release|x86
		{57A8F0CE-46A8-4BFF-9013-3790B67FB657}.AppStore|iPhone.Build.0 = Release|x86
		{57A8F0CE-46A8-4BFF-9013-3790B67FB657}.AppStore|iPhone.Deploy.0 = Release|x86
		{57A8F0CE-46A8-4BFF-9013-3790B67FB657}.AppStore|iPhoneSimulator.ActiveCfg = Release|x86
		{57A8F0CE-46A8-4BFF-9013-3790B67FB657}.AppStore|iPhoneSimulator.Build.0 = Release|x86
		{57A8F0CE-46A8-4BFF-9013-3790B67FB657}.AppStore|iPhoneSimulator.Deploy.0 = Release|x86
		{57A8F0CE-46A8-4BFF-9013-3790B67FB657}.AppStore|x64.ActiveCfg = Release|x64
		{57A8F0CE-46A8-4BFF-9013-3790B67FB657}.AppStore|x64.Build.0 = Release|x64
		{57A8F0CE-46A8-4BFF-9013-3790B67FB657}.AppStore|x64.Deploy.0 = Release|x64
		{57A8F0CE-46A8-4BFF-9013-3790B67FB657}.AppStore|x86.ActiveCfg = Release|x86
		{57A8F0CE-46A8-4BFF-9013-3790B67FB657}.AppStore|x86.Build.0 = Release|x86
		{57A8F0CE-46A8-4BFF-9013-3790B67FB657}.AppStore|x86.Deploy.0 = Release|x86
		{57A8F0CE-46A8-4BFF-9013-3790B67FB657}.Debug|Any CPU.ActiveCfg = Debug|x86
		{57A8F0CE-46A8-4BFF-9013-3790B67FB657}.Debug|Any CPU.Build.0 = Debug|x86
		{57A8F0CE-46A8-4BFF-9013-3790B67FB657}.Debug|Any CPU.Deploy.0 = Debug|x86
		{57A8F0CE-46A8-4BFF-9013-3790B67FB657}.Debug|ARM.ActiveCfg = Debug|ARM
		{57A8F0CE-46A8-4BFF-9013-3790B67FB657}.Debug|ARM.Build.0 = Debug|ARM
		{57A8F0CE-46A8-4BFF-9013-3790B67FB657}.Debug|ARM.Deploy.0 = Debug|ARM
		{57A8F0CE-46A8-4BFF-9013-3790B67FB657}.Debug|iPhone.ActiveCfg = Debug|x86
		{57A8F0CE-46A8-4BFF-9013-3790B67FB657}.Debug|iPhone.Build.0 = Debug|x86
		{57A8F0CE-46A8-4BFF-9013-3790B67FB657}.Debug|iPhone.Deploy.0 = Debug|x86
		{57A8F0CE-46A8-4BFF-9013-3790B67FB657}.Debug|iPhoneSimulator.ActiveCfg = Debug|x86
		{57A8F0CE-46A8-4BFF-9013-3790B67FB657}.Debug|iPhoneSimulator.Build.0 = Debug|x86
		{57A8F0CE-46A8-4BFF-9013-3790B67FB657}.Debug|iPhoneSimulator.Deploy.0 = Debug|x86
		{57A8F0CE-46A8-4BFF-9013-3790B67FB657}.Debug|x64.ActiveCfg = Debug|x64
		{57A8F0CE-46A8-4BFF-9013-3790B67FB657}.Debug|x64.Build.0 = Debug|x64
		{57A8F0CE-46A8-4BFF-9013-3790B67FB657}.Debug|x64.Deploy.0 = Debug|x64
		{57A8F0CE-46A8-4BFF-9013-3790B67FB657}.Debug|x86.ActiveCfg = Debug|x86
		{57A8F0CE-46A8-4BFF-9013-3790B67FB657}.Debug|x86.Build.0 = Debug|x86
		{57A8F0CE-46A8-4BFF-9013-3790B67FB657}.Debug|x86.Deploy.0 = Debug|x86
		{57A8F0CE-46A8-4BFF-9013-3790B67FB657}.Release|Any CPU.ActiveCfg = Release|x86
		{57A8F0CE-46A8-4BFF-9013-3790B67FB657}.Release|Any CPU.Build.0 = Release|x86
		{57A8F0CE-46A8-4BFF-9013-3790B67FB657}.Release|Any CPU.Deploy.0 = Release|x86
		{57A8F0CE-46A8-4BFF-9013-3790B67FB657}.Release|ARM.ActiveCfg = Release|ARM
		{57A8F0CE-46A8-4BFF-9013-3790B67FB657}.Release|ARM.Build.0 = Release|ARM
		{57A8F0CE-46A8-4BFF-9013-3790B67FB657}.Release|ARM.Deploy.0 = Release|ARM
		{57A8F0CE-46A8-4BFF-9013-3790B67FB657}.Release|iPhone.ActiveCfg = Release|x86
		{57A8F0CE-46A8-4BFF-9013-3790B67FB657}.Release|iPhone.Build.0 = Release|x86
		{57A8F0CE-46A8-4BFF-9013-3790B67FB657}.Release|iPhone.Deploy.0 = Release|x86
		{57A8F0CE-46A8-4BFF-9013-3790B67FB657}.Release|iPhoneSimulator.ActiveCfg = Release|x86
		{57A8F0CE-46A8-4BFF-9013-3790B67FB657}.Release|iPhoneSimulator.Build.0 = Release|x86
		{57A8F0CE-46A8-4BFF-9013-3790B67FB657}.Release|iPhoneSimulator.Deploy.0 = Release|x86
		{57A8F0CE-46A8-4BFF-9013-3790B67FB657}.Release|x64.ActiveCfg = Release|x64
		{57A8F0CE-46A8-4BFF-9013-3790B67FB657}.Release|x64.Build.0 = Release|x64
		{57A8F0CE-46A8-4BFF-9013-3790B67FB657}.Release|x64.Deploy.0 = Release|x64
		{57A8F0CE-46A8-4BFF-9013-3790B67FB657}.Release|x86.ActiveCfg = Release|x86
		{57A8F0CE-46A8-4BFF-9013-3790B67FB657}.Release|x86.Build.0 = Release|x86
		{57A8F0CE-46A8-4BFF-9013-3790B67FB657}.Release|x86.Deploy.0 = Release|x86
		{47D1ED3B-85C4-448E-B51B-C8FAEEB57785}.Ad-Hoc|Any CPU.ActiveCfg = Debug|Any CPU
		{47D1ED3B-85C4-448E-B51B-C8FAEEB57785}.Ad-Hoc|Any CPU.Build.0 = Debug|Any CPU
		{47D1ED3B-85C4-448E-B51B-C8FAEEB57785}.Ad-Hoc|Any CPU.Deploy.0 = Debug|Any CPU
		{47D1ED3B-85C4-448E-B51B-C8FAEEB57785}.Ad-Hoc|ARM.ActiveCfg = Debug|Any CPU
		{47D1ED3B-85C4-448E-B51B-C8FAEEB57785}.Ad-Hoc|ARM.Build.0 = Debug|Any CPU
		{47D1ED3B-85C4-448E-B51B-C8FAEEB57785}.Ad-Hoc|ARM.Deploy.0 = Debug|Any CPU
		{47D1ED3B-85C4-448E-B51B-C8FAEEB57785}.Ad-Hoc|iPhone.ActiveCfg = Debug|Any CPU
		{47D1ED3B-85C4-448E-B51B-C8FAEEB57785}.Ad-Hoc|iPhone.Build.0 = Debug|Any CPU
		{47D1ED3B-85C4-448E-B51B-C8FAEEB57785}.Ad-Hoc|iPhone.Deploy.0 = Debug|Any CPU
		{47D1ED3B-85C4-448E-B51B-C8FAEEB57785}.Ad-Hoc|iPhoneSimulator.ActiveCfg = Debug|Any CPU
		{47D1ED3B-85C4-448E-B51B-C8FAEEB57785}.Ad-Hoc|iPhoneSimulator.Build.0 = Debug|Any CPU
		{47D1ED3B-85C4-448E-B51B-C8FAEEB57785}.Ad-Hoc|iPhoneSimulator.Deploy.0 = Debug|Any CPU
		{47D1ED3B-85C4-448E-B51B-C8FAEEB57785}.Ad-Hoc|x64.ActiveCfg = Debug|Any CPU
		{47D1ED3B-85C4-448E-B51B-C8FAEEB57785}.Ad-Hoc|x64.Build.0 = Debug|Any CPU
		{47D1ED3B-85C4-448E-B51B-C8FAEEB57785}.Ad-Hoc|x64.Deploy.0 = Debug|Any CPU
		{47D1ED3B-85C4-448E-B51B-C8FAEEB57785}.Ad-Hoc|x86.ActiveCfg = Debug|Any CPU
		{47D1ED3B-85C4-448E-B51B-C8FAEEB57785}.Ad-Hoc|x86.Build.0 = Debug|Any CPU
		{47D1ED3B-85C4-448E-B51B-C8FAEEB57785}.Ad-Hoc|x86.Deploy.0 = Debug|Any CPU
		{47D1ED3B-85C4-448E-B51B-C8FAEEB57785}.AppStore|Any CPU.ActiveCfg = Debug|Any CPU
		{47D1ED3B-85C4-448E-B51B-C8FAEEB57785}.AppStore|Any CPU.Build.0 = Debug|Any CPU
		{47D1ED3B-85C4-448E-B51B-C8FAEEB57785}.AppStore|Any CPU.Deploy.0 = Debug|Any CPU
		{47D1ED3B-85C4-448E-B51B-C8FAEEB57785}.AppStore|ARM.ActiveCfg = Debug|Any CPU
		{47D1ED3B-85C4-448E-B51B-C8FAEEB57785}.AppStore|ARM.Build.0 = Debug|Any CPU
		{47D1ED3B-85C4-448E-B51B-C8FAEEB57785}.AppStore|ARM.Deploy.0 = Debug|Any CPU
		{47D1ED3B-85C4-448E-B51B-C8FAEEB57785}.AppStore|iPhone.ActiveCfg = Debug|Any CPU
		{47D1ED3B-85C4-448E-B51B-C8FAEEB57785}.AppStore|iPhone.Build.0 = Debug|Any CPU
		{47D1ED3B-85C4-448E-B51B-C8FAEEB57785}.AppStore|iPhone.Deploy.0 = Debug|Any CPU
		{47D1ED3B-85C4-448E-B51B-C8FAEEB57785}.AppStore|iPhoneSimulator.ActiveCfg = Debug|Any CPU
		{47D1ED3B-85C4-448E-B51B-C8FAEEB57785}.AppStore|iPhoneSimulator.Build.0 = Debug|Any CPU
		{47D1ED3B-85C4-448E-B51B-C8FAEEB57785}.AppStore|iPhoneSimulator.Deploy.0 = Debug|Any CPU
		{47D1ED3B-85C4-448E-B51B-C8FAEEB57785}.AppStore|x64.ActiveCfg = Debug|Any CPU
		{47D1ED3B-85C4-448E-B51B-C8FAEEB57785}.AppStore|x64.Build.0 = Debug|Any CPU
		{47D1ED3B-85C4-448E-B51B-C8FAEEB57785}.AppStore|x64.Deploy.0 = Debug|Any CPU
		{47D1ED3B-85C4-448E-B51B-C8FAEEB57785}.AppStore|x86.ActiveCfg = Debug|Any CPU
		{47D1ED3B-85C4-448E-B51B-C8FAEEB57785}.AppStore|x86.Build.0 = Debug|Any CPU
		{47D1ED3B-85C4-448E-B51B-C8FAEEB57785}.AppStore|x86.Deploy.0 = Debug|Any CPU
		{47D1ED3B-85C4-448E-B51B-C8FAEEB57785}.Debug|Any CPU.ActiveCfg = Debug|Any CPU
		{47D1ED3B-85C4-448E-B51B-C8FAEEB57785}.Debug|Any CPU.Build.0 = Debug|Any CPU
		{47D1ED3B-85C4-448E-B51B-C8FAEEB57785}.Debug|Any CPU.Deploy.0 = Debug|Any CPU
		{47D1ED3B-85C4-448E-B51B-C8FAEEB57785}.Debug|ARM.ActiveCfg = Debug|Any CPU
		{47D1ED3B-85C4-448E-B51B-C8FAEEB57785}.Debug|ARM.Build.0 = Debug|Any CPU
		{47D1ED3B-85C4-448E-B51B-C8FAEEB57785}.Debug|ARM.Deploy.0 = Debug|Any CPU
		{47D1ED3B-85C4-448E-B51B-C8FAEEB57785}.Debug|iPhone.ActiveCfg = Debug|Any CPU
		{47D1ED3B-85C4-448E-B51B-C8FAEEB57785}.Debug|iPhone.Build.0 = Debug|Any CPU
		{47D1ED3B-85C4-448E-B51B-C8FAEEB57785}.Debug|iPhone.Deploy.0 = Debug|Any CPU
		{47D1ED3B-85C4-448E-B51B-C8FAEEB57785}.Debug|iPhoneSimulator.ActiveCfg = Debug|Any CPU
		{47D1ED3B-85C4-448E-B51B-C8FAEEB57785}.Debug|iPhoneSimulator.Build.0 = Debug|Any CPU
		{47D1ED3B-85C4-448E-B51B-C8FAEEB57785}.Debug|iPhoneSimulator.Deploy.0 = Debug|Any CPU
		{47D1ED3B-85C4-448E-B51B-C8FAEEB57785}.Debug|x64.ActiveCfg = Debug|Any CPU
		{47D1ED3B-85C4-448E-B51B-C8FAEEB57785}.Debug|x64.Build.0 = Debug|Any CPU
		{47D1ED3B-85C4-448E-B51B-C8FAEEB57785}.Debug|x64.Deploy.0 = Debug|Any CPU
		{47D1ED3B-85C4-448E-B51B-C8FAEEB57785}.Debug|x86.ActiveCfg = Debug|Any CPU
		{47D1ED3B-85C4-448E-B51B-C8FAEEB57785}.Debug|x86.Build.0 = Debug|Any CPU
		{47D1ED3B-85C4-448E-B51B-C8FAEEB57785}.Debug|x86.Deploy.0 = Debug|Any CPU
		{47D1ED3B-85C4-448E-B51B-C8FAEEB57785}.Release|Any CPU.ActiveCfg = Release|Any CPU
		{47D1ED3B-85C4-448E-B51B-C8FAEEB57785}.Release|Any CPU.Build.0 = Release|Any CPU
		{47D1ED3B-85C4-448E-B51B-C8FAEEB57785}.Release|Any CPU.Deploy.0 = Release|Any CPU
		{47D1ED3B-85C4-448E-B51B-C8FAEEB57785}.Release|ARM.ActiveCfg = Release|Any CPU
		{47D1ED3B-85C4-448E-B51B-C8FAEEB57785}.Release|ARM.Build.0 = Release|Any CPU
		{47D1ED3B-85C4-448E-B51B-C8FAEEB57785}.Release|ARM.Deploy.0 = Release|Any CPU
		{47D1ED3B-85C4-448E-B51B-C8FAEEB57785}.Release|iPhone.ActiveCfg = Release|Any CPU
		{47D1ED3B-85C4-448E-B51B-C8FAEEB57785}.Release|iPhone.Build.0 = Release|Any CPU
		{47D1ED3B-85C4-448E-B51B-C8FAEEB57785}.Release|iPhone.Deploy.0 = Release|Any CPU
		{47D1ED3B-85C4-448E-B51B-C8FAEEB57785}.Release|iPhoneSimulator.ActiveCfg = Release|Any CPU
		{47D1ED3B-85C4-448E-B51B-C8FAEEB57785}.Release|iPhoneSimulator.Build.0 = Release|Any CPU
		{47D1ED3B-85C4-448E-B51B-C8FAEEB57785}.Release|iPhoneSimulator.Deploy.0 = Release|Any CPU
		{47D1ED3B-85C4-448E-B51B-C8FAEEB57785}.Release|x64.ActiveCfg = Release|Any CPU
		{47D1ED3B-85C4-448E-B51B-C8FAEEB57785}.Release|x64.Build.0 = Release|Any CPU
		{47D1ED3B-85C4-448E-B51B-C8FAEEB57785}.Release|x64.Deploy.0 = Release|Any CPU
		{47D1ED3B-85C4-448E-B51B-C8FAEEB57785}.Release|x86.ActiveCfg = Release|Any CPU
		{47D1ED3B-85C4-448E-B51B-C8FAEEB57785}.Release|x86.Build.0 = Release|Any CPU
		{47D1ED3B-85C4-448E-B51B-C8FAEEB57785}.Release|x86.Deploy.0 = Release|Any CPU
	EndGlobalSection
	GlobalSection(SolutionProperties) = preSolution
		HideSolutionNode = FALSE
	EndGlobalSection
	GlobalSection(ExtensibilityGlobals) = postSolution
		SolutionGuid = {2471AD02-4878-4F2E-BD8A-43CA49147691}
	EndGlobalSection
EndGlobal
